
Microsoft Visual Studio Solution File, Format Version 12.00
# Visual Studio Version 17
VisualStudioVersion = 17.2.32602.215
MinimumVisualStudioVersion = 10.0.40219.1
Project("{FAE04EC0-301F-11D3-BF4B-00C04F79EFBC}") = "ProyectoProgramaciónLuisPérez", "ProyectoProgramaciónLuisPérez\ProyectoProgramaciónLuisPérez.csproj", "{5A53BBF5-62E0-44FB-A011-3CD0FD4B0E6F}"
EndProject
Global
	GlobalSection(SolutionConfigurationPlatforms) = preSolution
		Debug|Any CPU = Debug|Any CPU
		Release|Any CPU = Release|Any CPU
	EndGlobalSection
	GlobalSection(ProjectConfigurationPlatforms) = postSolution
		{5A53BBF5-62E0-44FB-A011-3CD0FD4B0E6F}.Debug|Any CPU.ActiveCfg = Debug|Any CPU
		{5A53BBF5-62E0-44FB-A011-3CD0FD4B0E6F}.Debug|Any CPU.Build.0 = Debug|Any CPU
		{5A53BBF5-62E0-44FB-A011-3CD0FD4B0E6F}.Release|Any CPU.ActiveCfg = Release|Any CPU
		{5A53BBF5-62E0-44FB-A011-3CD0FD4B0E6F}.Release|Any CPU.Build.0 = Release|Any CPU
	EndGlobalSection
	GlobalSection(SolutionProperties) = preSolution
		HideSolutionNode = FALSE
	EndGlobalSection
	GlobalSection(ExtensibilityGlobals) = postSolution
		SolutionGuid = {EF547672-D3AC-44FE-9FDB-7C67684408E9}
	EndGlobalSection
EndGlobal
